// !$*UTF8*$!
{
	archiveVersion = 1;
	classes = {
	};
	objectVersion = 56;
	objects = {

/* Begin PBXBuildFile section */
		2BA0C2BA2BDAEE8600D82108 /* KodecoPlaygroundApp.swift in Sources */ = {isa = PBXBuildFile; fileRef = 2BA0C2B92BDAEE8600D82108 /* KodecoPlaygroundApp.swift */; };
		2BA0C2BC2BDAEE8600D82108 /* ContentView.swift in Sources */ = {isa = PBXBuildFile; fileRef = 2BA0C2BB2BDAEE8600D82108 /* ContentView.swift */; };
		2BA0C2BE2BDAEEA200D82108 /* Assets.xcassets in Resources */ = {isa = PBXBuildFile; fileRef = 2BA0C2BD2BDAEEA200D82108 /* Assets.xcassets */; };
		2BA0C2C12BDAEEA200D82108 /* Preview Assets.xcassets in Resources */ = {isa = PBXBuildFile; fileRef = 2BA0C2C02BDAEEA200D82108 /* Preview Assets.xcassets */; };
		2BDBE3AC2BDBC73B009B27C6 /* KodecoPlaygroundTests.swift in Sources */ = {isa = PBXBuildFile; fileRef = 2BDBE3AB2BDBC73B009B27C6 /* KodecoPlaygroundTests.swift */; };
		2BDBE3B52BDBC7F2009B27C6 /* Game.swift in Sources */ = {isa = PBXBuildFile; fileRef = 2BDBE3B42BDBC7F2009B27C6 /* Game.swift */; };
		2BE08C9E2BDCF40A00BAED3C /* TextViews.swift in Sources */ = {isa = PBXBuildFile; fileRef = 2BE08C9D2BDCF40A00BAED3C /* TextViews.swift */; };
		2BE08CA02BDCFC5D00BAED3C /* SliderViews.swift in Sources */ = {isa = PBXBuildFile; fileRef = 2BE08C9F2BDCFC5D00BAED3C /* SliderViews.swift */; };
		2BE08CA22BDCFC6F00BAED3C /* InstructionView.swift in Sources */ = {isa = PBXBuildFile; fileRef = 2BE08CA12BDCFC6F00BAED3C /* InstructionView.swift */; };
		2BE08CA42BDCFC8400BAED3C /* ButtonViews.swift in Sources */ = {isa = PBXBuildFile; fileRef = 2BE08CA32BDCFC8400BAED3C /* ButtonViews.swift */; };
		2BF8BB9E2BE369FB00BEEC0B /* RoundedViews.swift in Sources */ = {isa = PBXBuildFile; fileRef = 2BF8BB9D2BE369FB00BEEC0B /* RoundedViews.swift */; };
		2BF8BBA42BE78A5500BEEC0B /* RowView.swift in Sources */ = {isa = PBXBuildFile; fileRef = 2BF8BBA32BE78A5500BEEC0B /* RowView.swift */; };
/* End PBXBuildFile section */

/* Begin PBXContainerItemProxy section */
		2BDBE3AD2BDBC73B009B27C6 /* PBXContainerItemProxy */ = {
			isa = PBXContainerItemProxy;
			containerPortal = 2BA0C2AE2BDAEE8600D82108 /* Project object */;
			proxyType = 1;
			remoteGlobalIDString = 2BA0C2B52BDAEE8600D82108;
			remoteInfo = KodecoPlayground;
		};
/* End PBXContainerItemProxy section */

/* Begin PBXFileReference section */
		2BA0C2B62BDAEE8600D82108 /* KodecoPlayground.app */ = {isa = PBXFileReference; explicitFileType = wrapper.application; includeInIndex = 0; path = KodecoPlayground.app; sourceTree = BUILT_PRODUCTS_DIR; };
		2BA0C2B92BDAEE8600D82108 /* KodecoPlaygroundApp.swift */ = {isa = PBXFileReference; lastKnownFileType = sourcecode.swift; path = KodecoPlaygroundApp.swift; sourceTree = "<group>"; };
		2BA0C2BB2BDAEE8600D82108 /* ContentView.swift */ = {isa = PBXFileReference; lastKnownFileType = sourcecode.swift; path = ContentView.swift; sourceTree = "<group>"; };
		2BA0C2BD2BDAEEA200D82108 /* Assets.xcassets */ = {isa = PBXFileReference; lastKnownFileType = folder.assetcatalog; path = Assets.xcassets; sourceTree = "<group>"; };
		2BA0C2C02BDAEEA200D82108 /* Preview Assets.xcassets */ = {isa = PBXFileReference; lastKnownFileType = folder.assetcatalog; path = "Preview Assets.xcassets"; sourceTree = "<group>"; };
		2BDBE3A92BDBC73B009B27C6 /* KodecoPlaygroundTests.xctest */ = {isa = PBXFileReference; explicitFileType = wrapper.cfbundle; includeInIndex = 0; path = KodecoPlaygroundTests.xctest; sourceTree = BUILT_PRODUCTS_DIR; };
		2BDBE3AB2BDBC73B009B27C6 /* KodecoPlaygroundTests.swift */ = {isa = PBXFileReference; lastKnownFileType = sourcecode.swift; path = KodecoPlaygroundTests.swift; sourceTree = "<group>"; };
		2BDBE3B42BDBC7F2009B27C6 /* Game.swift */ = {isa = PBXFileReference; lastKnownFileType = sourcecode.swift; path = Game.swift; sourceTree = "<group>"; };
		2BE08C9D2BDCF40A00BAED3C /* TextViews.swift */ = {isa = PBXFileReference; lastKnownFileType = sourcecode.swift; path = TextViews.swift; sourceTree = "<group>"; };
		2BE08C9F2BDCFC5D00BAED3C /* SliderViews.swift */ = {isa = PBXFileReference; lastKnownFileType = sourcecode.swift; path = SliderViews.swift; sourceTree = "<group>"; };
		2BE08CA12BDCFC6F00BAED3C /* InstructionView.swift */ = {isa = PBXFileReference; lastKnownFileType = sourcecode.swift; path = InstructionView.swift; sourceTree = "<group>"; };
		2BE08CA32BDCFC8400BAED3C /* ButtonViews.swift */ = {isa = PBXFileReference; lastKnownFileType = sourcecode.swift; path = ButtonViews.swift; sourceTree = "<group>"; };
		2BF8BB9D2BE369FB00BEEC0B /* RoundedViews.swift */ = {isa = PBXFileReference; lastKnownFileType = sourcecode.swift; path = RoundedViews.swift; sourceTree = "<group>"; };
		2BF8BBA32BE78A5500BEEC0B /* RowView.swift */ = {isa = PBXFileReference; lastKnownFileType = sourcecode.swift; path = RowView.swift; sourceTree = "<group>"; };
/* End PBXFileReference section */

/* Begin PBXFrameworksBuildPhase section */
		2BA0C2B32BDAEE8600D82108 /* Frameworks */ = {
			isa = PBXFrameworksBuildPhase;
			buildActionMask = 2147483647;
			files = (
			);
			runOnlyForDeploymentPostprocessing = 0;
		};
		2BDBE3A62BDBC73B009B27C6 /* Frameworks */ = {
			isa = PBXFrameworksBuildPhase;
			buildActionMask = 2147483647;
			files = (
			);
			runOnlyForDeploymentPostprocessing = 0;
		};
/* End PBXFrameworksBuildPhase section */

/* Begin PBXGroup section */
		2BA0C2AD2BDAEE8600D82108 = {
			isa = PBXGroup;
			children = (
				2BA0C2B82BDAEE8600D82108 /* KodecoPlayground */,
				2BDBE3AA2BDBC73B009B27C6 /* KodecoPlaygroundTests */,
				2BA0C2B72BDAEE8600D82108 /* Products */,
			);
			sourceTree = "<group>";
		};
		2BA0C2B72BDAEE8600D82108 /* Products */ = {
			isa = PBXGroup;
			children = (
				2BA0C2B62BDAEE8600D82108 /* KodecoPlayground.app */,
				2BDBE3A92BDBC73B009B27C6 /* KodecoPlaygroundTests.xctest */,
			);
			name = Products;
			sourceTree = "<group>";
		};
		2BA0C2B82BDAEE8600D82108 /* KodecoPlayground */ = {
			isa = PBXGroup;
			children = (
				2BA0C2B92BDAEE8600D82108 /* KodecoPlaygroundApp.swift */,
				2BDBE3B32BDBC7C5009B27C6 /* View */,
				2BDBE3B22BDBC7BE009B27C6 /* Model */,
				2BA0C2BD2BDAEEA200D82108 /* Assets.xcassets */,
				2BA0C2BF2BDAEEA200D82108 /* Preview Content */,
			);
			path = KodecoPlayground;
			sourceTree = "<group>";
		};
		2BA0C2BF2BDAEEA200D82108 /* Preview Content */ = {
			isa = PBXGroup;
			children = (
				2BA0C2C02BDAEEA200D82108 /* Preview Assets.xcassets */,
			);
			path = "Preview Content";
			sourceTree = "<group>";
		};
		2BDBE3AA2BDBC73B009B27C6 /* KodecoPlaygroundTests */ = {
			isa = PBXGroup;
			children = (
				2BDBE3AB2BDBC73B009B27C6 /* KodecoPlaygroundTests.swift */,
			);
			path = KodecoPlaygroundTests;
			sourceTree = "<group>";
		};
		2BDBE3B22BDBC7BE009B27C6 /* Model */ = {
			isa = PBXGroup;
			children = (
				2BDBE3B42BDBC7F2009B27C6 /* Game.swift */,
			);
			path = Model;
			sourceTree = "<group>";
		};
		2BDBE3B32BDBC7C5009B27C6 /* View */ = {
			isa = PBXGroup;
			children = (
				2BA0C2BB2BDAEE8600D82108 /* ContentView.swift */,
				2BE08C9D2BDCF40A00BAED3C /* TextViews.swift */,
				2BE08C9F2BDCFC5D00BAED3C /* SliderViews.swift */,
				2BE08CA12BDCFC6F00BAED3C /* InstructionView.swift */,
				2BE08CA32BDCFC8400BAED3C /* ButtonViews.swift */,
				2BF8BB9D2BE369FB00BEEC0B /* RoundedViews.swift */,
				2BF8BBA32BE78A5500BEEC0B /* RowView.swift */,
			);
			path = View;
			sourceTree = "<group>";
		};
/* End PBXGroup section */

/* Begin PBXNativeTarget section */
		2BA0C2B52BDAEE8600D82108 /* KodecoPlayground */ = {
			isa = PBXNativeTarget;
			buildConfigurationList = 2BA0C2C42BDAEEA200D82108 /* Build configuration list for PBXNativeTarget "KodecoPlayground" */;
			buildPhases = (
				2BA0C2B22BDAEE8600D82108 /* Sources */,
				2BA0C2B32BDAEE8600D82108 /* Frameworks */,
				2BA0C2B42BDAEE8600D82108 /* Resources */,
			);
			buildRules = (
			);
			dependencies = (
			);
			name = KodecoPlayground;
			productName = KodecoPlayground;
			productReference = 2BA0C2B62BDAEE8600D82108 /* KodecoPlayground.app */;
			productType = "com.apple.product-type.application";
		};
		2BDBE3A82BDBC73B009B27C6 /* KodecoPlaygroundTests */ = {
			isa = PBXNativeTarget;
			buildConfigurationList = 2BDBE3AF2BDBC73B009B27C6 /* Build configuration list for PBXNativeTarget "KodecoPlaygroundTests" */;
			buildPhases = (
				2BDBE3A52BDBC73B009B27C6 /* Sources */,
				2BDBE3A62BDBC73B009B27C6 /* Frameworks */,
				2BDBE3A72BDBC73B009B27C6 /* Resources */,
			);
			buildRules = (
			);
			dependencies = (
				2BDBE3AE2BDBC73B009B27C6 /* PBXTargetDependency */,
			);
			name = KodecoPlaygroundTests;
			productName = KodecoPlaygroundTests;
			productReference = 2BDBE3A92BDBC73B009B27C6 /* KodecoPlaygroundTests.xctest */;
			productType = "com.apple.product-type.bundle.unit-test";
		};
/* End PBXNativeTarget section */

/* Begin PBXProject section */
		2BA0C2AE2BDAEE8600D82108 /* Project object */ = {
			isa = PBXProject;
			attributes = {
				BuildIndependentTargetsInParallel = 1;
				LastSwiftUpdateCheck = 1420;
				LastUpgradeCheck = 1420;
				TargetAttributes = {
					2BA0C2B52BDAEE8600D82108 = {
						CreatedOnToolsVersion = 14.2;
					};
					2BDBE3A82BDBC73B009B27C6 = {
						CreatedOnToolsVersion = 14.2;
						TestTargetID = 2BA0C2B52BDAEE8600D82108;
					};
				};
			};
			buildConfigurationList = 2BA0C2B12BDAEE8600D82108 /* Build configuration list for PBXProject "KodecoPlayground" */;
			compatibilityVersion = "Xcode 14.0";
			developmentRegion = en;
			hasScannedForEncodings = 0;
			knownRegions = (
				en,
				Base,
			);
			mainGroup = 2BA0C2AD2BDAEE8600D82108;
			productRefGroup = 2BA0C2B72BDAEE8600D82108 /* Products */;
			projectDirPath = "";
			projectRoot = "";
			targets = (
				2BA0C2B52BDAEE8600D82108 /* KodecoPlayground */,
				2BDBE3A82BDBC73B009B27C6 /* KodecoPlaygroundTests */,
			);
		};
/* End PBXProject section */

/* Begin PBXResourcesBuildPhase section */
		2BA0C2B42BDAEE8600D82108 /* Resources */ = {
			isa = PBXResourcesBuildPhase;
			buildActionMask = 2147483647;
			files = (
				2BA0C2C12BDAEEA200D82108 /* Preview Assets.xcassets in Resources */,
				2BA0C2BE2BDAEEA200D82108 /* Assets.xcassets in Resources */,
			);
			runOnlyForDeploymentPostprocessing = 0;
		};
		2BDBE3A72BDBC73B009B27C6 /* Resources */ = {
			isa = PBXResourcesBuildPhase;
			buildActionMask = 2147483647;
			files = (
			);
			runOnlyForDeploymentPostprocessing = 0;
		};
/* End PBXResourcesBuildPhase section */

/* Begin PBXSourcesBuildPhase section */
		2BA0C2B22BDAEE8600D82108 /* Sources */ = {
			isa = PBXSourcesBuildPhase;
			buildActionMask = 2147483647;
			files = (
				2BE08CA42BDCFC8400BAED3C /* ButtonViews.swift in Sources */,
				2BA0C2BC2BDAEE8600D82108 /* ContentView.swift in Sources */,
				2BE08C9E2BDCF40A00BAED3C /* TextViews.swift in Sources */,
				2BDBE3B52BDBC7F2009B27C6 /* Game.swift in Sources */,
				2BF8BBA42BE78A5500BEEC0B /* RowView.swift in Sources */,
				2BF8BB9E2BE369FB00BEEC0B /* RoundedViews.swift in Sources */,
				2BA0C2BA2BDAEE8600D82108 /* KodecoPlaygroundApp.swift in Sources */,
				2BE08CA02BDCFC5D00BAED3C /* SliderViews.swift in Sources */,
				2BE08CA22BDCFC6F00BAED3C /* InstructionView.swift in Sources */,
			);
			runOnlyForDeploymentPostprocessing = 0;
		};
		2BDBE3A52BDBC73B009B27C6 /* Sources */ = {
			isa = PBXSourcesBuildPhase;
			buildActionMask = 2147483647;
			files = (
				2BDBE3AC2BDBC73B009B27C6 /* KodecoPlaygroundTests.swift in Sources */,
			);
			runOnlyForDeploymentPostprocessing = 0;
		};
/* End PBXSourcesBuildPhase section */

/* Begin PBXTargetDependency section */
		2BDBE3AE2BDBC73B009B27C6 /* PBXTargetDependency */ = {
			isa = PBXTargetDependency;
			target = 2BA0C2B52BDAEE8600D82108 /* KodecoPlayground */;
			targetProxy = 2BDBE3AD2BDBC73B009B27C6 /* PBXContainerItemProxy */;
		};
/* End PBXTargetDependency section */

/* Begin XCBuildConfiguration section */
		2BA0C2C22BDAEEA200D82108 /* Debug */ = {
			isa = XCBuildConfiguration;
			buildSettings = {
				ALWAYS_SEARCH_USER_PATHS = NO;
				CLANG_ANALYZER_NONNULL = YES;
				CLANG_ANALYZER_NUMBER_OBJECT_CONVERSION = YES_AGGRESSIVE;
				CLANG_CXX_LANGUAGE_STANDARD = "gnu++20";
				CLANG_ENABLE_MODULES = YES;
				CLANG_ENABLE_OBJC_ARC = YES;
				CLANG_ENABLE_OBJC_WEAK = YES;
				CLANG_WARN_BLOCK_CAPTURE_AUTORELEASING = YES;
				CLANG_WARN_BOOL_CONVERSION = YES;
				CLANG_WARN_COMMA = YES;
				CLANG_WARN_CONSTANT_CONVERSION = YES;
				CLANG_WARN_DEPRECATED_OBJC_IMPLEMENTATIONS = YES;
				CLANG_WARN_DIRECT_OBJC_ISA_USAGE = YES_ERROR;
				CLANG_WARN_DOCUMENTATION_COMMENTS = YES;
				CLANG_WARN_EMPTY_BODY = YES;
				CLANG_WARN_ENUM_CONVERSION = YES;
				CLANG_WARN_INFINITE_RECURSION = YES;
				CLANG_WARN_INT_CONVERSION = YES;
				CLANG_WARN_NON_LITERAL_NULL_CONVERSION = YES;
				CLANG_WARN_OBJC_IMPLICIT_RETAIN_SELF = YES;
				CLANG_WARN_OBJC_LITERAL_CONVERSION = YES;
				CLANG_WARN_OBJC_ROOT_CLASS = YES_ERROR;
				CLANG_WARN_QUOTED_INCLUDE_IN_FRAMEWORK_HEADER = YES;
				CLANG_WARN_RANGE_LOOP_ANALYSIS = YES;
				CLANG_WARN_STRICT_PROTOTYPES = YES;
				CLANG_WARN_SUSPICIOUS_MOVE = YES;
				CLANG_WARN_UNGUARDED_AVAILABILITY = YES_AGGRESSIVE;
				CLANG_WARN_UNREACHABLE_CODE = YES;
				CLANG_WARN__DUPLICATE_METHOD_MATCH = YES;
				COPY_PHASE_STRIP = NO;
				DEBUG_INFORMATION_FORMAT = dwarf;
				ENABLE_STRICT_OBJC_MSGSEND = YES;
				ENABLE_TESTABILITY = YES;
				GCC_C_LANGUAGE_STANDARD = gnu11;
				GCC_DYNAMIC_NO_PIC = NO;
				GCC_NO_COMMON_BLOCKS = YES;
				GCC_OPTIMIZATION_LEVEL = 0;
				GCC_PREPROCESSOR_DEFINITIONS = (
					"DEBUG=1",
					"$(inherited)",
				);
				GCC_WARN_64_TO_32_BIT_CONVERSION = YES;
				GCC_WARN_ABOUT_RETURN_TYPE = YES_ERROR;
				GCC_WARN_UNDECLARED_SELECTOR = YES;
				GCC_WARN_UNINITIALIZED_AUTOS = YES_AGGRESSIVE;
				GCC_WARN_UNUSED_FUNCTION = YES;
				GCC_WARN_UNUSED_VARIABLE = YES;
				IPHONEOS_DEPLOYMENT_TARGET = 16.2;
				MTL_ENABLE_DEBUG_INFO = INCLUDE_SOURCE;
				MTL_FAST_MATH = YES;
				ONLY_ACTIVE_ARCH = YES;
				SDKROOT = iphoneos;
				SWIFT_ACTIVE_COMPILATION_CONDITIONS = DEBUG;
				SWIFT_OPTIMIZATION_LEVEL = "-Onone";
			};
			name = Debug;
		};
		2BA0C2C32BDAEEA200D82108 /* Release */ = {
			isa = XCBuildConfiguration;
			buildSettings = {
				ALWAYS_SEARCH_USER_PATHS = NO;
				CLANG_ANALYZER_NONNULL = YES;
				CLANG_ANALYZER_NUMBER_OBJECT_CONVERSION = YES_AGGRESSIVE;
				CLANG_CXX_LANGUAGE_STANDARD = "gnu++20";
				CLANG_ENABLE_MODULES = YES;
				CLANG_ENABLE_OBJC_ARC = YES;
				CLANG_ENABLE_OBJC_WEAK = YES;
				CLANG_WARN_BLOCK_CAPTURE_AUTORELEASING = YES;
				CLANG_WARN_BOOL_CONVERSION = YES;
				CLANG_WARN_COMMA = YES;
				CLANG_WARN_CONSTANT_CONVERSION = YES;
				CLANG_WARN_DEPRECATED_OBJC_IMPLEMENTATIONS = YES;
				CLANG_WARN_DIRECT_OBJC_ISA_USAGE = YES_ERROR;
				CLANG_WARN_DOCUMENTATION_COMMENTS = YES;
				CLANG_WARN_EMPTY_BODY = YES;
				CLANG_WARN_ENUM_CONVERSION = YES;
				CLANG_WARN_INFINITE_RECURSION = YES;
				CLANG_WARN_INT_CONVERSION = YES;
				CLANG_WARN_NON_LITERAL_NULL_CONVERSION = YES;
				CLANG_WARN_OBJC_IMPLICIT_RETAIN_SELF = YES;
				CLANG_WARN_OBJC_LITERAL_CONVERSION = YES;
				CLANG_WARN_OBJC_ROOT_CLASS = YES_ERROR;
				CLANG_WARN_QUOTED_INCLUDE_IN_FRAMEWORK_HEADER = YES;
				CLANG_WARN_RANGE_LOOP_ANALYSIS = YES;
				CLANG_WARN_STRICT_PROTOTYPES = YES;
				CLANG_WARN_SUSPICIOUS_MOVE = YES;
				CLANG_WARN_UNGUARDED_AVAILABILITY = YES_AGGRESSIVE;
				CLANG_WARN_UNREACHABLE_CODE = YES;
				CLANG_WARN__DUPLICATE_METHOD_MATCH = YES;
				COPY_PHASE_STRIP = NO;
				DEBUG_INFORMATION_FORMAT = "dwarf-with-dsym";
				ENABLE_NS_ASSERTIONS = NO;
				ENABLE_STRICT_OBJC_MSGSEND = YES;
				GCC_C_LANGUAGE_STANDARD = gnu11;
				GCC_NO_COMMON_BLOCKS = YES;
				GCC_WARN_64_TO_32_BIT_CONVERSION = YES;
				GCC_WARN_ABOUT_RETURN_TYPE = YES_ERROR;
				GCC_WARN_UNDECLARED_SELECTOR = YES;
				GCC_WARN_UNINITIALIZED_AUTOS = YES_AGGRESSIVE;
				GCC_WARN_UNUSED_FUNCTION = YES;
				GCC_WARN_UNUSED_VARIABLE = YES;
				IPHONEOS_DEPLOYMENT_TARGET = 16.2;
				MTL_ENABLE_DEBUG_INFO = NO;
				MTL_FAST_MATH = YES;
				SDKROOT = iphoneos;
				SWIFT_COMPILATION_MODE = wholemodule;
				SWIFT_OPTIMIZATION_LEVEL = "-O";
				VALIDATE_PRODUCT = YES;
			};
			name = Release;
		};
		2BA0C2C52BDAEEA200D82108 /* Debug */ = {
			isa = XCBuildConfiguration;
			buildSettings = {
				ASSETCATALOG_COMPILER_APPICON_NAME = AppIcon;
				ASSETCATALOG_COMPILER_GLOBAL_ACCENT_COLOR_NAME = AccentColor;
				CODE_SIGN_STYLE = Automatic;
				CURRENT_PROJECT_VERSION = 1;
				DEVELOPMENT_ASSET_PATHS = "\"KodecoPlayground/Preview Content\"";
				DEVELOPMENT_TEAM = RAVRJW6GQC;
				ENABLE_PREVIEWS = YES;
				GENERATE_INFOPLIST_FILE = YES;
				INFOPLIST_KEY_UIApplicationSceneManifest_Generation = YES;
				INFOPLIST_KEY_UIApplicationSupportsIndirectInputEvents = YES;
				INFOPLIST_KEY_UILaunchScreen_Generation = YES;
				INFOPLIST_KEY_UISupportedInterfaceOrientations_iPad = "UIInterfaceOrientationPortrait UIInterfaceOrientationPortraitUpsideDown UIInterfaceOrientationLandscapeLeft UIInterfaceOrientationLandscapeRight";
				INFOPLIST_KEY_UISupportedInterfaceOrientations_iPhone = "UIInterfaceOrientationPortrait UIInterfaceOrientationLandscapeLeft UIInterfaceOrientationLandscapeRight";
				LD_RUNPATH_SEARCH_PATHS = (
					"$(inherited)",
					"@executable_path/Frameworks",
				);
				MARKETING_VERSION = 1.0;
				PRODUCT_BUNDLE_IDENTIFIER = com.xd.KodecoPlayground;
				PRODUCT_NAME = "$(TARGET_NAME)";
				SWIFT_EMIT_LOC_STRINGS = YES;
				SWIFT_VERSION = 5.0;
				TARGETED_DEVICE_FAMILY = "1,2";
			};
			name = Debug;
		};
		2BA0C2C62BDAEEA200D82108 /* Release */ = {
			isa = XCBuildConfiguration;
			buildSettings = {
				ASSETCATALOG_COMPILER_APPICON_NAME = AppIcon;
				ASSETCATALOG_COMPILER_GLOBAL_ACCENT_COLOR_NAME = AccentColor;
				CODE_SIGN_STYLE = Automatic;
				CURRENT_PROJECT_VERSION = 1;
				DEVELOPMENT_ASSET_PATHS = "\"KodecoPlayground/Preview Content\"";
				DEVELOPMENT_TEAM = RAVRJW6GQC;
				ENABLE_PREVIEWS = YES;
				GENERATE_INFOPLIST_FILE = YES;
				INFOPLIST_KEY_UIApplicationSceneManifest_Generation = YES;
				INFOPLIST_KEY_UIApplicationSupportsIndirectInputEvents = YES;
				INFOPLIST_KEY_UILaunchScreen_Generation = YES;
				INFOPLIST_KEY_UISupportedInterfaceOrientations_iPad = "UIInterfaceOrientationPortrait UIInterfaceOrientationPortraitUpsideDown UIInterfaceOrientationLandscapeLeft UIInterfaceOrientationLandscapeRight";
				INFOPLIST_KEY_UISupportedInterfaceOrientations_iPhone = "UIInterfaceOrientationPortrait UIInterfaceOrientationLandscapeLeft UIInterfaceOrientationLandscapeRight";
				LD_RUNPATH_SEARCH_PATHS = (
					"$(inherited)",
					"@executable_path/Frameworks",
				);
				MARKETING_VERSION = 1.0;
				PRODUCT_BUNDLE_IDENTIFIER = com.xd.KodecoPlayground;
				PRODUCT_NAME = "$(TARGET_NAME)";
				SWIFT_EMIT_LOC_STRINGS = YES;
				SWIFT_VERSION = 5.0;
				TARGETED_DEVICE_FAMILY = "1,2";
			};
			name = Release;
		};
		2BDBE3B02BDBC73B009B27C6 /* Debug */ = {
			isa = XCBuildConfiguration;
			buildSettings = {
				BUNDLE_LOADER = "$(TEST_HOST)";
				CODE_SIGN_STYLE = Automatic;
				CURRENT_PROJECT_VERSION = 1;
				DEVELOPMENT_TEAM = RAVRJW6GQC;
				GENERATE_INFOPLIST_FILE = YES;
				IPHONEOS_DEPLOYMENT_TARGET = 16.2;
				MACOSX_DEPLOYMENT_TARGET = 12.7;
				MARKETING_VERSION = 1.0;
				PRODUCT_BUNDLE_IDENTIFIER = com.xd.KodecoPlaygroundTests;
				PRODUCT_NAME = "$(TARGET_NAME)";
				SDKROOT = auto;
				SUPPORTED_PLATFORMS = "iphoneos iphonesimulator macosx";
				SWIFT_EMIT_LOC_STRINGS = NO;
				SWIFT_VERSION = 5.0;
				TARGETED_DEVICE_FAMILY = "1,2";
				TEST_HOST = "$(BUILT_PRODUCTS_DIR)/KodecoPlayground.app/$(BUNDLE_EXECUTABLE_FOLDER_PATH)/KodecoPlayground";
			};
			name = Debug;
		};
		2BDBE3B12BDBC73B009B27C6 /* Release */ = {
			isa = XCBuildConfiguration;
			buildSettings = {
				BUNDLE_LOADER = "$(TEST_HOST)";
				CODE_SIGN_STYLE = Automatic;
				CURRENT_PROJECT_VERSION = 1;
				DEVELOPMENT_TEAM = RAVRJW6GQC;
				GENERATE_INFOPLIST_FILE = YES;
				IPHONEOS_DEPLOYMENT_TARGET = 16.2;
				MACOSX_DEPLOYMENT_TARGET = 12.7;
				MARKETING_VERSION = 1.0;
				PRODUCT_BUNDLE_IDENTIFIER = com.xd.KodecoPlaygroundTests;
				PRODUCT_NAME = "$(TARGET_NAME)";
				SDKROOT = auto;
				SUPPORTED_PLATFORMS = "iphoneos iphonesimulator macosx";
				SWIFT_EMIT_LOC_STRINGS = NO;
				SWIFT_VERSION = 5.0;
				TARGETED_DEVICE_FAMILY = "1,2";
				TEST_HOST = "$(BUILT_PRODUCTS_DIR)/KodecoPlayground.app/$(BUNDLE_EXECUTABLE_FOLDER_PATH)/KodecoPlayground";
			};
			name = Release;
		};
/* End XCBuildConfiguration section */

/* Begin XCConfigurationList section */
		2BA0C2B12BDAEE8600D82108 /* Build configuration list for PBXProject "KodecoPlayground" */ = {
			isa = XCConfigurationList;
			buildConfigurations = (
				2BA0C2C22BDAEEA200D82108 /* Debug */,
				2BA0C2C32BDAEEA200D82108 /* Release */,
			);
			defaultConfigurationIsVisible = 0;
			defaultConfigurationName = Release;
		};
		2BA0C2C42BDAEEA200D82108 /* Build configuration list for PBXNativeTarget "KodecoPlayground" */ = {
			isa = XCConfigurationList;
			buildConfigurations = (
				2BA0C2C52BDAEEA200D82108 /* Debug */,
				2BA0C2C62BDAEEA200D82108 /* Release */,
			);
			defaultConfigurationIsVisible = 0;
			defaultConfigurationName = Release;
		};
		2BDBE3AF2BDBC73B009B27C6 /* Build configuration list for PBXNativeTarget "KodecoPlaygroundTests" */ = {
			isa = XCConfigurationList;
			buildConfigurations = (
				2BDBE3B02BDBC73B009B27C6 /* Debug */,
				2BDBE3B12BDBC73B009B27C6 /* Release */,
			);
			defaultConfigurationIsVisible = 0;
			defaultConfigurationName = Release;
		};
/* End XCConfigurationList section */
	};
	rootObject = 2BA0C2AE2BDAEE8600D82108 /* Project object */;
}
